// !$*UTF8*$!
{
	archiveVersion = 1;
	classes = {
	};
	objectVersion = 55;
	objects = {

/* Begin PBXBuildFile section */
		3623EF9B27EF9A5200D70A5E /* AppDelegate.swift in Sources */ = {isa = PBXBuildFile; fileRef = 3623EF9A27EF9A5200D70A5E /* AppDelegate.swift */; };
		3623EF9D27EF9A5200D70A5E /* SceneDelegate.swift in Sources */ = {isa = PBXBuildFile; fileRef = 3623EF9C27EF9A5200D70A5E /* SceneDelegate.swift */; };
		3623EF9F27EF9A5200D70A5E /* ViewController.swift in Sources */ = {isa = PBXBuildFile; fileRef = 3623EF9E27EF9A5200D70A5E /* ViewController.swift */; };
		3623EFA227EF9A5200D70A5E /* Main.storyboard in Resources */ = {isa = PBXBuildFile; fileRef = 3623EFA027EF9A5200D70A5E /* Main.storyboard */; };
		3623EFA427EF9A5300D70A5E /* Assets.xcassets in Resources */ = {isa = PBXBuildFile; fileRef = 3623EFA327EF9A5300D70A5E /* Assets.xcassets */; };
		3623EFA727EF9A5300D70A5E /* LaunchScreen.storyboard in Resources */ = {isa = PBXBuildFile; fileRef = 3623EFA527EF9A5300D70A5E /* LaunchScreen.storyboard */; };
/* End PBXBuildFile section */

/* Begin PBXFileReference section */
		3623EF9727EF9A5200D70A5E /* I AM FUCKING RICH.app */ = {isa = PBXFileReference; explicitFileType = wrapper.application; includeInIndex = 0; path = "I AM FUCKING RICH.app"; sourceTree = BUILT_PRODUCTS_DIR; };
		3623EF9A27EF9A5200D70A5E /* AppDelegate.swift */ = {isa = PBXFileReference; lastKnownFileType = sourcecode.swift; path = AppDelegate.swift; sourceTree = "<group>"; };
		3623EF9C27EF9A5200D70A5E /* SceneDelegate.swift */ = {isa = PBXFileReference; lastKnownFileType = sourcecode.swift; path = SceneDelegate.swift; sourceTree = "<group>"; };
		3623EF9E27EF9A5200D70A5E /* ViewController.swift */ = {isa = PBXFileReference; lastKnownFileType = sourcecode.swift; path = ViewController.swift; sourceTree = "<group>"; };
		3623EFA127EF9A5200D70A5E /* Base */ = {isa = PBXFileReference; lastKnownFileType = file.storyboard; name = Base; path = Base.lproj/Main.storyboard; sourceTree = "<group>"; };
		3623EFA327EF9A5300D70A5E /* Assets.xcassets */ = {isa = PBXFileReference; lastKnownFileType = folder.assetcatalog; path = Assets.xcassets; sourceTree = "<group>"; };
		3623EFA627EF9A5300D70A5E /* Base */ = {isa = PBXFileReference; lastKnownFileType = file.storyboard; name = Base; path = Base.lproj/LaunchScreen.storyboard; sourceTree = "<group>"; };
		3623EFA827EF9A5300D70A5E /* Info.plist */ = {isa = PBXFileReference; lastKnownFileType = text.plist.xml; path = Info.plist; sourceTree = "<group>"; };
/* End PBXFileReference section */

/* Begin PBXFrameworksBuildPhase section */
		3623EF9427EF9A5200D70A5E /* Frameworks */ = {
			isa = PBXFrameworksBuildPhase;
			buildActionMask = 2147483647;
			files = (
			);
			runOnlyForDeploymentPostprocessing = 0;
		};
/* End PBXFrameworksBuildPhase section */

/* Begin PBXGroup section */
		3623EF8E27EF9A5200D70A5E = {
			isa = PBXGroup;
			children = (
				3623EF9927EF9A5200D70A5E /* I AM FUCKING RICH */,
				3623EF9827EF9A5200D70A5E /* Products */,
			);
			sourceTree = "<group>";
		};
		3623EF9827EF9A5200D70A5E /* Products */ = {
			isa = PBXGroup;
			children = (
				3623EF9727EF9A5200D70A5E /* I AM FUCKING RICH.app */,
			);
			name = Products;
			sourceTree = "<group>";
		};
		3623EF9927EF9A5200D70A5E /* I AM FUCKING RICH */ = {
			isa = PBXGroup;
			children = (
				3623EF9A27EF9A5200D70A5E /* AppDelegate.swift */,
				3623EF9C27EF9A5200D70A5E /* SceneDelegate.swift */,
				3623EF9E27EF9A5200D70A5E /* ViewController.swift */,
				3623EFA027EF9A5200D70A5E /* Main.storyboard */,
				3623EFA327EF9A5300D70A5E /* Assets.xcassets */,
				3623EFA527EF9A5300D70A5E /* LaunchScreen.storyboard */,
				3623EFA827EF9A5300D70A5E /* Info.plist */,
			);
			path = "I AM FUCKING RICH";
			sourceTree = "<group>";
		};
/* End PBXGroup section */

/* Begin PBXNativeTarget section */
		3623EF9627EF9A5200D70A5E /* I AM FUCKING RICH */ = {
			isa = PBXNativeTarget;
			buildConfigurationList = 3623EFAB27EF9A5300D70A5E /* Build configuration list for PBXNativeTarget "I AM FUCKING RICH" */;
			buildPhases = (
				3623EF9327EF9A5200D70A5E /* Sources */,
				3623EF9427EF9A5200D70A5E /* Frameworks */,
				3623EF9527EF9A5200D70A5E /* Resources */,
			);
			buildRules = (
			);
			dependencies = (
			);
			name = "I AM FUCKING RICH";
			productName = "I AM FUCKING RICH";
			productReference = 3623EF9727EF9A5200D70A5E /* I AM FUCKING RICH.app */;
			productType = "com.apple.product-type.application";
		};
/* End PBXNativeTarget section */

/* Begin PBXProject section */
		3623EF8F27EF9A5200D70A5E /* Project object */ = {
			isa = PBXProject;
			attributes = {
				BuildIndependentTargetsInParallel = 1;
				LastSwiftUpdateCheck = 1330;
				LastUpgradeCheck = 1330;
				TargetAttributes = {
					3623EF9627EF9A5200D70A5E = {
						CreatedOnToolsVersion = 13.3;
					};
				};
			};
			buildConfigurationList = 3623EF9227EF9A5200D70A5E /* Build configuration list for PBXProject "I AM FUCKING RICH" */;
			compatibilityVersion = "Xcode 13.0";
			developmentRegion = en;
			hasScannedForEncodings = 0;
			knownRegions = (
				en,
				Base,
			);
			mainGroup = 3623EF8E27EF9A5200D70A5E;
			productRefGroup = 3623EF9827EF9A5200D70A5E /* Products */;
			projectDirPath = "";
			projectRoot = "";
			targets = (
				3623EF9627EF9A5200D70A5E /* I AM FUCKING RICH */,
			);
		};
/* End PBXProject section */

/* Begin PBXResourcesBuildPhase section */
		3623EF9527EF9A5200D70A5E /* Resources */ = {
			isa = PBXResourcesBuildPhase;
			buildActionMask = 2147483647;
			files = (
				3623EFA727EF9A5300D70A5E /* LaunchScreen.storyboard in Resources */,
				3623EFA427EF9A5300D70A5E /* Assets.xcassets in Resources */,
				3623EFA227EF9A5200D70A5E /* Main.storyboard in Resources */,
			);
			runOnlyForDeploymentPostprocessing = 0;
		};
/* End PBXResourcesBuildPhase section */

/* Begin PBXSourcesBuildPhase section */
		3623EF9327EF9A5200D70A5E /* Sources */ = {
			isa = PBXSourcesBuildPhase;
			buildActionMask = 2147483647;
			files = (
				3623EF9F27EF9A5200D70A5E /* ViewController.swift in Sources */,
				3623EF9B27EF9A5200D70A5E /* AppDelegate.swift in Sources */,
				3623EF9D27EF9A5200D70A5E /* SceneDelegate.swift in Sources */,
			);
			runOnlyForDeploymentPostprocessing = 0;
		};
/* End PBXSourcesBuildPhase section */

/* Begin PBXVariantGroup section */
		3623EFA027EF9A5200D70A5E /* Main.storyboard */ = {
			isa = PBXVariantGroup;
			children = (
				3623EFA127EF9A5200D70A5E /* Base */,
			);
			name = Main.storyboard;
			sourceTree = "<group>";
		};
		3623EFA527EF9A5300D70A5E /* LaunchScreen.storyboard */ = {
			isa = PBXVariantGroup;
			children = (
				3623EFA627EF9A5300D70A5E /* Base */,
			);
			name = LaunchScreen.storyboard;
			sourceTree = "<group>";
		};
/* End PBXVariantGroup section */

/* Begin XCBuildConfiguration section */
		3623EFA927EF9A5300D70A5E /* Debug */ = {
			isa = XCBuildConfiguration;
			buildSettings = {
				ALWAYS_SEARCH_USER_PATHS = NO;
				CLANG_ANALYZER_NONNULL = YES;
				CLANG_ANALYZER_NUMBER_OBJECT_CONVERSION = YES_AGGRESSIVE;
				CLANG_CXX_LANGUAGE_STANDARD = "gnu++17";
				CLANG_ENABLE_MODULES = YES;
				CLANG_ENABLE_OBJC_ARC = YES;
				CLANG_ENABLE_OBJC_WEAK = YES;
				CLANG_WARN_BLOCK_CAPTURE_AUTORELEASING = YES;
				CLANG_WARN_BOOL_CONVERSION = YES;
				CLANG_WARN_COMMA = YES;
				CLANG_WARN_CONSTANT_CONVERSION = YES;
				CLANG_WARN_DEPRECATED_OBJC_IMPLEMENTATIONS = YES;
				CLANG_WARN_DIRECT_OBJC_ISA_USAGE = YES_ERROR;
				CLANG_WARN_DOCUMENTATION_COMMENTS = YES;
				CLANG_WARN_EMPTY_BODY = YES;
				CLANG_WARN_ENUM_CONVERSION = YES;
				CLANG_WARN_INFINITE_RECURSION = YES;
				CLANG_WARN_INT_CONVERSION = YES;
				CLANG_WARN_NON_LITERAL_NULL_CONVERSION = YES;
				CLANG_WARN_OBJC_IMPLICIT_RETAIN_SELF = YES;
				CLANG_WARN_OBJC_LITERAL_CONVERSION = YES;
				CLANG_WARN_OBJC_ROOT_CLASS = YES_ERROR;
				CLANG_WARN_QUOTED_INCLUDE_IN_FRAMEWORK_HEADER = YES;
				CLANG_WARN_RANGE_LOOP_ANALYSIS = YES;
				CLANG_WARN_STRICT_PROTOTYPES = YES;
				CLANG_WARN_SUSPICIOUS_MOVE = YES;
				CLANG_WARN_UNGUARDED_AVAILABILITY = YES_AGGRESSIVE;
				CLANG_WARN_UNREACHABLE_CODE = YES;
				CLANG_WARN__DUPLICATE_METHOD_MATCH = YES;
				COPY_PHASE_STRIP = NO;
				DEBUG_INFORMATION_FORMAT = dwarf;
				ENABLE_STRICT_OBJC_MSGSEND = YES;
				ENABLE_TESTABILITY = YES;
				GCC_C_LANGUAGE_STANDARD = gnu11;
				GCC_DYNAMIC_NO_PIC = NO;
				GCC_NO_COMMON_BLOCKS = YES;
				GCC_OPTIMIZATION_LEVEL = 0;
				GCC_PREPROCESSOR_DEFINITIONS = (
					"DEBUG=1",
					"$(inherited)",
				);
				GCC_WARN_64_TO_32_BIT_CONVERSION = YES;
				GCC_WARN_ABOUT_RETURN_TYPE = YES_ERROR;
				GCC_WARN_UNDECLARED_SELECTOR = YES;
				GCC_WARN_UNINITIALIZED_AUTOS = YES_AGGRESSIVE;
				GCC_WARN_UNUSED_FUNCTION = YES;
				GCC_WARN_UNUSED_VARIABLE = YES;
				IPHONEOS_DEPLOYMENT_TARGET = 15.4;
				MTL_ENABLE_DEBUG_INFO = INCLUDE_SOURCE;
				MTL_FAST_MATH = YES;
				ONLY_ACTIVE_ARCH = YES;
				SDKROOT = iphoneos;
				SWIFT_ACTIVE_COMPILATION_CONDITIONS = DEBUG;
				SWIFT_OPTIMIZATION_LEVEL = "-Onone";
			};
			name = Debug;
		};
		3623EFAA27EF9A5300D70A5E /* Release */ = {
			isa = XCBuildConfiguration;
			buildSettings = {
				ALWAYS_SEARCH_USER_PATHS = NO;
				CLANG_ANALYZER_NONNULL = YES;
				CLANG_ANALYZER_NUMBER_OBJECT_CONVERSION = YES_AGGRESSIVE;
				CLANG_CXX_LANGUAGE_STANDARD = "gnu++17";
				CLANG_ENABLE_MODULES = YES;
				CLANG_ENABLE_OBJC_ARC = YES;
				CLANG_ENABLE_OBJC_WEAK = YES;
				CLANG_WARN_BLOCK_CAPTURE_AUTORELEASING = YES;
				CLANG_WARN_BOOL_CONVERSION = YES;
				CLANG_WARN_COMMA = YES;
				CLANG_WARN_CONSTANT_CONVERSION = YES;
				CLANG_WARN_DEPRECATED_OBJC_IMPLEMENTATIONS = YES;
				CLANG_WARN_DIRECT_OBJC_ISA_USAGE = YES_ERROR;
				CLANG_WARN_DOCUMENTATION_COMMENTS = YES;
				CLANG_WARN_EMPTY_BODY = YES;
				CLANG_WARN_ENUM_CONVERSION = YES;
				CLANG_WARN_INFINITE_RECURSION = YES;
				CLANG_WARN_INT_CONVERSION = YES;
				CLANG_WARN_NON_LITERAL_NULL_CONVERSION = YES;
				CLANG_WARN_OBJC_IMPLICIT_RETAIN_SELF = YES;
				CLANG_WARN_OBJC_LITERAL_CONVERSION = YES;
				CLANG_WARN_OBJC_ROOT_CLASS = YES_ERROR;
				CLANG_WARN_QUOTED_INCLUDE_IN_FRAMEWORK_HEADER = YES;
				CLANG_WARN_RANGE_LOOP_ANALYSIS = YES;
				CLANG_WARN_STRICT_PROTOTYPES = YES;
				CLANG_WARN_SUSPICIOUS_MOVE = YES;
				CLANG_WARN_UNGUARDED_AVAILABILITY = YES_AGGRESSIVE;
				CLANG_WARN_UNREACHABLE_CODE = YES;
				CLANG_WARN__DUPLICATE_METHOD_MATCH = YES;
				COPY_PHASE_STRIP = NO;
				DEBUG_INFORMATION_FORMAT = "dwarf-with-dsym";
				ENABLE_NS_ASSERTIONS = NO;
				ENABLE_STRICT_OBJC_MSGSEND = YES;
				GCC_C_LANGUAGE_STANDARD = gnu11;
				GCC_NO_COMMON_BLOCKS = YES;
				GCC_WARN_64_TO_32_BIT_CONVERSION = YES;
				GCC_WARN_ABOUT_RETURN_TYPE = YES_ERROR;
				GCC_WARN_UNDECLARED_SELECTOR = YES;
				GCC_WARN_UNINITIALIZED_AUTOS = YES_AGGRESSIVE;
				GCC_WARN_UNUSED_FUNCTION = YES;
				GCC_WARN_UNUSED_VARIABLE = YES;
				IPHONEOS_DEPLOYMENT_TARGET = 15.4;
				MTL_ENABLE_DEBUG_INFO = NO;
				MTL_FAST_MATH = YES;
				SDKROOT = iphoneos;
				SWIFT_COMPILATION_MODE = wholemodule;
				SWIFT_OPTIMIZATION_LEVEL = "-O";
				VALIDATE_PRODUCT = YES;
			};
			name = Release;
		};
		3623EFAC27EF9A5300D70A5E /* Debug */ = {
			isa = XCBuildConfiguration;
			buildSettings = {
				ASSETCATALOG_COMPILER_APPICON_NAME = AppIcon;
				ASSETCATALOG_COMPILER_GLOBAL_ACCENT_COLOR_NAME = AccentColor;
				CODE_SIGN_STYLE = Automatic;
				CURRENT_PROJECT_VERSION = 1;
				DEVELOPMENT_TEAM = 99ZUCD4A48;
				GENERATE_INFOPLIST_FILE = YES;
				INFOPLIST_FILE = "I AM FUCKING RICH/Info.plist";
				INFOPLIST_KEY_UIApplicationSupportsIndirectInputEvents = YES;
				INFOPLIST_KEY_UILaunchStoryboardName = LaunchScreen;
				INFOPLIST_KEY_UIMainStoryboardFile = Main;
				INFOPLIST_KEY_UISupportedInterfaceOrientations_iPad = "UIInterfaceOrientationPortrait UIInterfaceOrientationPortraitUpsideDown UIInterfaceOrientationLandscapeLeft UIInterfaceOrientationLandscapeRight";
				INFOPLIST_KEY_UISupportedInterfaceOrientations_iPhone = "UIInterfaceOrientationPortrait UIInterfaceOrientationLandscapeLeft UIInterfaceOrientationLandscapeRight";
				LD_RUNPATH_SEARCH_PATHS = (
					"$(inherited)",
					"@executable_path/Frameworks",
				);
				MARKETING_VERSION = 1.0;
				PRODUCT_BUNDLE_IDENTIFIER = "com.DanCoWorldWide.I-AM-FUCKING-RICH";
				PRODUCT_NAME = "$(TARGET_NAME)";
				SWIFT_EMIT_LOC_STRINGS = YES;
				SWIFT_VERSION = 5.0;
				TARGETED_DEVICE_FAMILY = "1,2";
			};
			name = Debug;
		};
		3623EFAD27EF9A5300D70A5E /* Release */ = {
			isa = XCBuildConfiguration;
			buildSettings = {
				ASSETCATALOG_COMPILER_APPICON_NAME = AppIcon;
				ASSETCATALOG_COMPILER_GLOBAL_ACCENT_COLOR_NAME = AccentColor;
				CODE_SIGN_STYLE = Automatic;
				CURRENT_PROJECT_VERSION = 1;
				DEVELOPMENT_TEAM = 99ZUCD4A48;
				GENERATE_INFOPLIST_FILE = YES;
				INFOPLIST_FILE = "I AM FUCKING RICH/Info.plist";
				INFOPLIST_KEY_UIApplicationSupportsIndirectInputEvents = YES;
				INFOPLIST_KEY_UILaunchStoryboardName = LaunchScreen;
				INFOPLIST_KEY_UIMainStoryboardFile = Main;
				INFOPLIST_KEY_UISupportedInterfaceOrientations_iPad = "UIInterfaceOrientationPortrait UIInterfaceOrientationPortraitUpsideDown UIInterfaceOrientationLandscapeLeft UIInterfaceOrientationLandscapeRight";
				INFOPLIST_KEY_UISupportedInterfaceOrientations_iPhone = "UIInterfaceOrientationPortrait UIInterfaceOrientationLandscapeLeft UIInterfaceOrientationLandscapeRight";
				LD_RUNPATH_SEARCH_PATHS = (
					"$(inherited)",
					"@executable_path/Frameworks",
				);
				MARKETING_VERSION = 1.0;
				PRODUCT_BUNDLE_IDENTIFIER = "com.DanCoWorldWide.I-AM-FUCKING-RICH";
				PRODUCT_NAME = "$(TARGET_NAME)";
				SWIFT_EMIT_LOC_STRINGS = YES;
				SWIFT_VERSION = 5.0;
				TARGETED_DEVICE_FAMILY = "1,2";
			};
			name = Release;
		};
/* End XCBuildConfiguration section */

/* Begin XCConfigurationList section */
		3623EF9227EF9A5200D70A5E /* Build configuration list for PBXProject "I AM FUCKING RICH" */ = {
			isa = XCConfigurationList;
			buildConfigurations = (
				3623EFA927EF9A5300D70A5E /* Debug */,
				3623EFAA27EF9A5300D70A5E /* Release */,
			);
			defaultConfigurationIsVisible = 0;
			defaultConfigurationName = Release;
		};
		3623EFAB27EF9A5300D70A5E /* Build configuration list for PBXNativeTarget "I AM FUCKING RICH" */ = {
			isa = XCConfigurationList;
			buildConfigurations = (
				3623EFAC27EF9A5300D70A5E /* Debug */,
				3623EFAD27EF9A5300D70A5E /* Release */,
			);
			defaultConfigurationIsVisible = 0;
			defaultConfigurationName = Release;
		};
/* End XCConfigurationList section */
	};
	rootObject = 3623EF8F27EF9A5200D70A5E /* Project object */;
}
